// !$*UTF8*$!
{
	archiveVersion = 1;
	classes = {
	};
	objectVersion = 51;
	objects = {

/* Begin PBXBuildFile section */
		BFE8594DC535CCE28348D73F /* Pods_FormalHabitualMVVM.framework in Frameworks */ = {isa = PBXBuildFile; fileRef = EDEAE0A3D3F5C37B5F2043D9 /* Pods_FormalHabitualMVVM.framework */; };
		FB7779D02703007600246111 /* HomeCell.swift in Sources */ = {isa = PBXBuildFile; fileRef = FB7779CF2703007600246111 /* HomeCell.swift */; };
		FB7DDCFB2705A47400D95AEA /* InputTextView.swift in Sources */ = {isa = PBXBuildFile; fileRef = FB7DDCFA2705A47400D95AEA /* InputTextView.swift */; };
		FB7DDCFF2706F4D400D95AEA /* HabitualService.swift in Sources */ = {isa = PBXBuildFile; fileRef = FB7DDCFE2706F4D400D95AEA /* HabitualService.swift */; };
		FB7DDD01270ED57000D95AEA /* Habitual.swift in Sources */ = {isa = PBXBuildFile; fileRef = FB7DDD00270ED57000D95AEA /* Habitual.swift */; };
		FB7DDD07271025EB00D95AEA /* HabitualViewModel.swift in Sources */ = {isa = PBXBuildFile; fileRef = FB7DDD06271025EB00D95AEA /* HabitualViewModel.swift */; };
		FB7DEF3826DF5CD10042DA0F /* AppDelegate.swift in Sources */ = {isa = PBXBuildFile; fileRef = FB7DEF3726DF5CD10042DA0F /* AppDelegate.swift */; };
		FB7DEF3A26DF5CD20042DA0F /* SceneDelegate.swift in Sources */ = {isa = PBXBuildFile; fileRef = FB7DEF3926DF5CD20042DA0F /* SceneDelegate.swift */; };
		FB7DEF3C26DF5CD20042DA0F /* ViewController.swift in Sources */ = {isa = PBXBuildFile; fileRef = FB7DEF3B26DF5CD20042DA0F /* ViewController.swift */; };
		FB7DEF3F26DF5CD20042DA0F /* Main.storyboard in Resources */ = {isa = PBXBuildFile; fileRef = FB7DEF3D26DF5CD20042DA0F /* Main.storyboard */; };
		FB7DEF4126DF5CD30042DA0F /* Assets.xcassets in Resources */ = {isa = PBXBuildFile; fileRef = FB7DEF4026DF5CD30042DA0F /* Assets.xcassets */; };
		FB7DEF4426DF5CD30042DA0F /* LaunchScreen.storyboard in Resources */ = {isa = PBXBuildFile; fileRef = FB7DEF4226DF5CD30042DA0F /* LaunchScreen.storyboard */; };
		FB7DEF5826DF5E9B0042DA0F /* MainTabController.swift in Sources */ = {isa = PBXBuildFile; fileRef = FB7DEF5726DF5E9B0042DA0F /* MainTabController.swift */; };
		FB7DEF5A26DF5EBC0042DA0F /* HomeController.swift in Sources */ = {isa = PBXBuildFile; fileRef = FB7DEF5926DF5EBC0042DA0F /* HomeController.swift */; };
		FB7DEF5C26DF5ED10042DA0F /* TipController.swift in Sources */ = {isa = PBXBuildFile; fileRef = FB7DEF5B26DF5ED10042DA0F /* TipController.swift */; };
		FB7DEF5E26DF5EDC0042DA0F /* SettingController.swift in Sources */ = {isa = PBXBuildFile; fileRef = FB7DEF5D26DF5EDC0042DA0F /* SettingController.swift */; };
		FB7DEF6126DF69FB0042DA0F /* LoginController.swift in Sources */ = {isa = PBXBuildFile; fileRef = FB7DEF6026DF69FB0042DA0F /* LoginController.swift */; };
		FB7DEF6326DF6A050042DA0F /* RegistrationController.swift in Sources */ = {isa = PBXBuildFile; fileRef = FB7DEF6226DF6A050042DA0F /* RegistrationController.swift */; };
		FB7DEF6526DF6BDE0042DA0F /* TableCell.swift in Sources */ = {isa = PBXBuildFile; fileRef = FB7DEF6426DF6BDE0042DA0F /* TableCell.swift */; };
		FB7DEF6726DF6E410042DA0F /* Extensions.swift in Sources */ = {isa = PBXBuildFile; fileRef = FB7DEF6626DF6E410042DA0F /* Extensions.swift */; };
		FB7DEF6926DF7AC90042DA0F /* CustomTextField.swift in Sources */ = {isa = PBXBuildFile; fileRef = FB7DEF6826DF7AC90042DA0F /* CustomTextField.swift */; };
		FB7DEF6B26DF8DFE0042DA0F /* AddHabitualController.swift in Sources */ = {isa = PBXBuildFile; fileRef = FB7DEF6A26DF8DFE0042DA0F /* AddHabitualController.swift */; };
		FB7DEF6D26E217050042DA0F /* CustomButton.swift in Sources */ = {isa = PBXBuildFile; fileRef = FB7DEF6C26E217050042DA0F /* CustomButton.swift */; };
		FB7DEF7126E366C00042DA0F /* AuthentificationViewModel.swift in Sources */ = {isa = PBXBuildFile; fileRef = FB7DEF7026E366C00042DA0F /* AuthentificationViewModel.swift */; };
		FB7DEF7926E4CEF00042DA0F /* GoogleService-Info.plist in Resources */ = {isa = PBXBuildFile; fileRef = FB7DEF7826E4CEF00042DA0F /* GoogleService-Info.plist */; };
		FB7DEF7B26E633710042DA0F /* ImageUploader.swift in Sources */ = {isa = PBXBuildFile; fileRef = FB7DEF7A26E633710042DA0F /* ImageUploader.swift */; };
		FB7DEF7D26E6337A0042DA0F /* AuthService.swift in Sources */ = {isa = PBXBuildFile; fileRef = FB7DEF7C26E6337A0042DA0F /* AuthService.swift */; };
		FB7DEF7F26E78B320042DA0F /* ProfileController.swift in Sources */ = {isa = PBXBuildFile; fileRef = FB7DEF7E26E78B320042DA0F /* ProfileController.swift */; };
		FB819AB826E8A264002CFFB4 /* ProfileCell.swift in Sources */ = {isa = PBXBuildFile; fileRef = FB819AB726E8A264002CFFB4 /* ProfileCell.swift */; };
		FB819ABA26E8A26D002CFFB4 /* ProfileHeader.swift in Sources */ = {isa = PBXBuildFile; fileRef = FB819AB926E8A26D002CFFB4 /* ProfileHeader.swift */; };
		FB819ABC26EB42A2002CFFB4 /* ProfileSettingController.swift in Sources */ = {isa = PBXBuildFile; fileRef = FB819ABB26EB42A2002CFFB4 /* ProfileSettingController.swift */; };
		FB819ABF26EB4B08002CFFB4 /* SettingCell.swift in Sources */ = {isa = PBXBuildFile; fileRef = FB819ABE26EB4B08002CFFB4 /* SettingCell.swift */; };
		FB819AC126EB4B0E002CFFB4 /* SettingHeader.swift in Sources */ = {isa = PBXBuildFile; fileRef = FB819AC026EB4B0E002CFFB4 /* SettingHeader.swift */; };
		FB819AC326EB4B13002CFFB4 /* SettingFooter.swift in Sources */ = {isa = PBXBuildFile; fileRef = FB819AC226EB4B13002CFFB4 /* SettingFooter.swift */; };
		FB819ACB26ECA7BE002CFFB4 /* UserService.swift in Sources */ = {isa = PBXBuildFile; fileRef = FB819ACA26ECA7BE002CFFB4 /* UserService.swift */; };
		FB819ACD26ECA806002CFFB4 /* Constants.swift in Sources */ = {isa = PBXBuildFile; fileRef = FB819ACC26ECA806002CFFB4 /* Constants.swift */; };
		FB819ACF26ECA856002CFFB4 /* User.swift in Sources */ = {isa = PBXBuildFile; fileRef = FB819ACE26ECA856002CFFB4 /* User.swift */; };
		FB819AD226EDDF2E002CFFB4 /* ProfileSettingCell.swift in Sources */ = {isa = PBXBuildFile; fileRef = FB819AD126EDDF2E002CFFB4 /* ProfileSettingCell.swift */; };
		FB819AD426EDDF35002CFFB4 /* ProfileSettingHeader.swift in Sources */ = {isa = PBXBuildFile; fileRef = FB819AD326EDDF35002CFFB4 /* ProfileSettingHeader.swift */; };
		FB819AD826EDF4F4002CFFB4 /* ProfileHeaderViewModel.swift in Sources */ = {isa = PBXBuildFile; fileRef = FB819AD726EDF4F4002CFFB4 /* ProfileHeaderViewModel.swift */; };
		FB819ADC26F5D587002CFFB4 /* SettingViewModel.swift in Sources */ = {isa = PBXBuildFile; fileRef = FB819ADB26F5D587002CFFB4 /* SettingViewModel.swift */; };
		FB82D19B273E6CF0004AA1BD /* ResetPassowrdController.swift in Sources */ = {isa = PBXBuildFile; fileRef = FB82D19A273E6CF0004AA1BD /* ResetPassowrdController.swift */; };
/* End PBXBuildFile section */

/* Begin PBXFileReference section */
		3EBB5D550D4AE3461EDDCF43 /* Pods-FormalHabitualMVVM.release.xcconfig */ = {isa = PBXFileReference; includeInIndex = 1; lastKnownFileType = text.xcconfig; name = "Pods-FormalHabitualMVVM.release.xcconfig"; path = "Target Support Files/Pods-FormalHabitualMVVM/Pods-FormalHabitualMVVM.release.xcconfig"; sourceTree = "<group>"; };
		DAB4C1BB60A923946254BACC /* Pods-FormalHabitualMVVM.debug.xcconfig */ = {isa = PBXFileReference; includeInIndex = 1; lastKnownFileType = text.xcconfig; name = "Pods-FormalHabitualMVVM.debug.xcconfig"; path = "Target Support Files/Pods-FormalHabitualMVVM/Pods-FormalHabitualMVVM.debug.xcconfig"; sourceTree = "<group>"; };
		EDEAE0A3D3F5C37B5F2043D9 /* Pods_FormalHabitualMVVM.framework */ = {isa = PBXFileReference; explicitFileType = wrapper.framework; includeInIndex = 0; path = Pods_FormalHabitualMVVM.framework; sourceTree = BUILT_PRODUCTS_DIR; };
		FB7779CF2703007600246111 /* HomeCell.swift */ = {isa = PBXFileReference; lastKnownFileType = sourcecode.swift; path = HomeCell.swift; sourceTree = "<group>"; };
		FB7DDCFA2705A47400D95AEA /* InputTextView.swift */ = {isa = PBXFileReference; lastKnownFileType = sourcecode.swift; path = InputTextView.swift; sourceTree = "<group>"; };
		FB7DDCFE2706F4D400D95AEA /* HabitualService.swift */ = {isa = PBXFileReference; lastKnownFileType = sourcecode.swift; path = HabitualService.swift; sourceTree = "<group>"; };
		FB7DDD00270ED57000D95AEA /* Habitual.swift */ = {isa = PBXFileReference; lastKnownFileType = sourcecode.swift; path = Habitual.swift; sourceTree = "<group>"; };
		FB7DDD06271025EB00D95AEA /* HabitualViewModel.swift */ = {isa = PBXFileReference; lastKnownFileType = sourcecode.swift; path = HabitualViewModel.swift; sourceTree = "<group>"; };
		FB7DEF3426DF5CD10042DA0F /* FormalHabitualMVVM.app */ = {isa = PBXFileReference; explicitFileType = wrapper.application; includeInIndex = 0; path = FormalHabitualMVVM.app; sourceTree = BUILT_PRODUCTS_DIR; };
		FB7DEF3726DF5CD10042DA0F /* AppDelegate.swift */ = {isa = PBXFileReference; lastKnownFileType = sourcecode.swift; path = AppDelegate.swift; sourceTree = "<group>"; };
		FB7DEF3926DF5CD20042DA0F /* SceneDelegate.swift */ = {isa = PBXFileReference; lastKnownFileType = sourcecode.swift; path = SceneDelegate.swift; sourceTree = "<group>"; };
		FB7DEF3B26DF5CD20042DA0F /* ViewController.swift */ = {isa = PBXFileReference; lastKnownFileType = sourcecode.swift; path = ViewController.swift; sourceTree = "<group>"; };
		FB7DEF3E26DF5CD20042DA0F /* Base */ = {isa = PBXFileReference; lastKnownFileType = file.storyboard; name = Base; path = Base.lproj/Main.storyboard; sourceTree = "<group>"; };
		FB7DEF4026DF5CD30042DA0F /* Assets.xcassets */ = {isa = PBXFileReference; lastKnownFileType = folder.assetcatalog; path = Assets.xcassets; sourceTree = "<group>"; };
		FB7DEF4326DF5CD30042DA0F /* Base */ = {isa = PBXFileReference; lastKnownFileType = file.storyboard; name = Base; path = Base.lproj/LaunchScreen.storyboard; sourceTree = "<group>"; };
		FB7DEF4526DF5CD30042DA0F /* Info.plist */ = {isa = PBXFileReference; lastKnownFileType = text.plist.xml; path = Info.plist; sourceTree = "<group>"; };
		FB7DEF5726DF5E9B0042DA0F /* MainTabController.swift */ = {isa = PBXFileReference; lastKnownFileType = sourcecode.swift; path = MainTabController.swift; sourceTree = "<group>"; };
		FB7DEF5926DF5EBC0042DA0F /* HomeController.swift */ = {isa = PBXFileReference; lastKnownFileType = sourcecode.swift; path = HomeController.swift; sourceTree = "<group>"; };
		FB7DEF5B26DF5ED10042DA0F /* TipController.swift */ = {isa = PBXFileReference; lastKnownFileType = sourcecode.swift; path = TipController.swift; sourceTree = "<group>"; };
		FB7DEF5D26DF5EDC0042DA0F /* SettingController.swift */ = {isa = PBXFileReference; lastKnownFileType = sourcecode.swift; path = SettingController.swift; sourceTree = "<group>"; };
		FB7DEF6026DF69FB0042DA0F /* LoginController.swift */ = {isa = PBXFileReference; lastKnownFileType = sourcecode.swift; path = LoginController.swift; sourceTree = "<group>"; };
		FB7DEF6226DF6A050042DA0F /* RegistrationController.swift */ = {isa = PBXFileReference; lastKnownFileType = sourcecode.swift; path = RegistrationController.swift; sourceTree = "<group>"; };
		FB7DEF6426DF6BDE0042DA0F /* TableCell.swift */ = {isa = PBXFileReference; lastKnownFileType = sourcecode.swift; path = TableCell.swift; sourceTree = "<group>"; };
		FB7DEF6626DF6E410042DA0F /* Extensions.swift */ = {isa = PBXFileReference; lastKnownFileType = sourcecode.swift; path = Extensions.swift; sourceTree = "<group>"; };
		FB7DEF6826DF7AC90042DA0F /* CustomTextField.swift */ = {isa = PBXFileReference; lastKnownFileType = sourcecode.swift; path = CustomTextField.swift; sourceTree = "<group>"; };
		FB7DEF6A26DF8DFE0042DA0F /* AddHabitualController.swift */ = {isa = PBXFileReference; lastKnownFileType = sourcecode.swift; path = AddHabitualController.swift; sourceTree = "<group>"; };
		FB7DEF6C26E217050042DA0F /* CustomButton.swift */ = {isa = PBXFileReference; lastKnownFileType = sourcecode.swift; path = CustomButton.swift; sourceTree = "<group>"; };
		FB7DEF7026E366C00042DA0F /* AuthentificationViewModel.swift */ = {isa = PBXFileReference; lastKnownFileType = sourcecode.swift; path = AuthentificationViewModel.swift; sourceTree = "<group>"; };
		FB7DEF7826E4CEF00042DA0F /* GoogleService-Info.plist */ = {isa = PBXFileReference; lastKnownFileType = text.plist; path = "GoogleService-Info.plist"; sourceTree = SOURCE_ROOT; };
		FB7DEF7A26E633710042DA0F /* ImageUploader.swift */ = {isa = PBXFileReference; lastKnownFileType = sourcecode.swift; path = ImageUploader.swift; sourceTree = "<group>"; };
		FB7DEF7C26E6337A0042DA0F /* AuthService.swift */ = {isa = PBXFileReference; lastKnownFileType = sourcecode.swift; path = AuthService.swift; sourceTree = "<group>"; };
		FB7DEF7E26E78B320042DA0F /* ProfileController.swift */ = {isa = PBXFileReference; lastKnownFileType = sourcecode.swift; path = ProfileController.swift; sourceTree = "<group>"; };
		FB819AB726E8A264002CFFB4 /* ProfileCell.swift */ = {isa = PBXFileReference; lastKnownFileType = sourcecode.swift; path = ProfileCell.swift; sourceTree = "<group>"; };
		FB819AB926E8A26D002CFFB4 /* ProfileHeader.swift */ = {isa = PBXFileReference; lastKnownFileType = sourcecode.swift; path = ProfileHeader.swift; sourceTree = "<group>"; };
		FB819ABB26EB42A2002CFFB4 /* ProfileSettingController.swift */ = {isa = PBXFileReference; lastKnownFileType = sourcecode.swift; path = ProfileSettingController.swift; sourceTree = "<group>"; };
		FB819ABE26EB4B08002CFFB4 /* SettingCell.swift */ = {isa = PBXFileReference; lastKnownFileType = sourcecode.swift; path = SettingCell.swift; sourceTree = "<group>"; };
		FB819AC026EB4B0E002CFFB4 /* SettingHeader.swift */ = {isa = PBXFileReference; lastKnownFileType = sourcecode.swift; path = SettingHeader.swift; sourceTree = "<group>"; };
		FB819AC226EB4B13002CFFB4 /* SettingFooter.swift */ = {isa = PBXFileReference; lastKnownFileType = sourcecode.swift; path = SettingFooter.swift; sourceTree = "<group>"; };
		FB819ACA26ECA7BE002CFFB4 /* UserService.swift */ = {isa = PBXFileReference; lastKnownFileType = sourcecode.swift; path = UserService.swift; sourceTree = "<group>"; };
		FB819ACC26ECA806002CFFB4 /* Constants.swift */ = {isa = PBXFileReference; lastKnownFileType = sourcecode.swift; path = Constants.swift; sourceTree = "<group>"; };
		FB819ACE26ECA856002CFFB4 /* User.swift */ = {isa = PBXFileReference; lastKnownFileType = sourcecode.swift; path = User.swift; sourceTree = "<group>"; };
		FB819AD126EDDF2E002CFFB4 /* ProfileSettingCell.swift */ = {isa = PBXFileReference; lastKnownFileType = sourcecode.swift; path = ProfileSettingCell.swift; sourceTree = "<group>"; };
		FB819AD326EDDF35002CFFB4 /* ProfileSettingHeader.swift */ = {isa = PBXFileReference; lastKnownFileType = sourcecode.swift; path = ProfileSettingHeader.swift; sourceTree = "<group>"; };
		FB819AD726EDF4F4002CFFB4 /* ProfileHeaderViewModel.swift */ = {isa = PBXFileReference; lastKnownFileType = sourcecode.swift; path = ProfileHeaderViewModel.swift; sourceTree = "<group>"; };
		FB819ADB26F5D587002CFFB4 /* SettingViewModel.swift */ = {isa = PBXFileReference; lastKnownFileType = sourcecode.swift; path = SettingViewModel.swift; sourceTree = "<group>"; };
		FB82D19A273E6CF0004AA1BD /* ResetPassowrdController.swift */ = {isa = PBXFileReference; lastKnownFileType = sourcecode.swift; path = ResetPassowrdController.swift; sourceTree = "<group>"; };
/* End PBXFileReference section */

/* Begin PBXFrameworksBuildPhase section */
		FB7DEF3126DF5CD10042DA0F /* Frameworks */ = {
			isa = PBXFrameworksBuildPhase;
			buildActionMask = 2147483647;
			files = (
				BFE8594DC535CCE28348D73F /* Pods_FormalHabitualMVVM.framework in Frameworks */,
			);
			runOnlyForDeploymentPostprocessing = 0;
		};
/* End PBXFrameworksBuildPhase section */

/* Begin PBXGroup section */
		5A2F5071E82C71E922216DB8 /* Frameworks */ = {
			isa = PBXGroup;
			children = (
				EDEAE0A3D3F5C37B5F2043D9 /* Pods_FormalHabitualMVVM.framework */,
			);
			name = Frameworks;
			sourceTree = "<group>";
		};
		CDB3F923E548326B03C5FACF /* Pods */ = {
			isa = PBXGroup;
			children = (
				DAB4C1BB60A923946254BACC /* Pods-FormalHabitualMVVM.debug.xcconfig */,
				3EBB5D550D4AE3461EDDCF43 /* Pods-FormalHabitualMVVM.release.xcconfig */,
			);
			path = Pods;
			sourceTree = "<group>";
		};
		FB7DEF2B26DF5CD10042DA0F = {
			isa = PBXGroup;
			children = (
				FB7DEF3626DF5CD10042DA0F /* FormalHabitualMVVM */,
				FB7DEF3526DF5CD10042DA0F /* Products */,
				CDB3F923E548326B03C5FACF /* Pods */,
				5A2F5071E82C71E922216DB8 /* Frameworks */,
			);
			sourceTree = "<group>";
		};
		FB7DEF3526DF5CD10042DA0F /* Products */ = {
			isa = PBXGroup;
			children = (
				FB7DEF3426DF5CD10042DA0F /* FormalHabitualMVVM.app */,
			);
			name = Products;
			sourceTree = "<group>";
		};
		FB7DEF3626DF5CD10042DA0F /* FormalHabitualMVVM */ = {
			isa = PBXGroup;
			children = (
				FB7DEF5426DF5DE10042DA0F /* Model */,
				FB7DEF5526DF5DEA0042DA0F /* View */,
				FB7DEF5626DF5DF40042DA0F /* ViewModel */,
				FB7DEF5126DF5DC20042DA0F /* Controller */,
				FB7DEF5326DF5DDD0042DA0F /* API */,
				FB7DEF5226DF5DC90042DA0F /* Utils */,
				FB7DEF3726DF5CD10042DA0F /* AppDelegate.swift */,
				FB7DEF3926DF5CD20042DA0F /* SceneDelegate.swift */,
				FB7DEF3B26DF5CD20042DA0F /* ViewController.swift */,
				FB7DEF3D26DF5CD20042DA0F /* Main.storyboard */,
				FB7DEF4026DF5CD30042DA0F /* Assets.xcassets */,
				FB7DEF4226DF5CD30042DA0F /* LaunchScreen.storyboard */,
				FB7DEF4526DF5CD30042DA0F /* Info.plist */,
				FB7DEF7826E4CEF00042DA0F /* GoogleService-Info.plist */,
			);
			path = FormalHabitualMVVM;
			sourceTree = "<group>";
		};
		FB7DEF5126DF5DC20042DA0F /* Controller */ = {
			isa = PBXGroup;
			children = (
				FB7DEF5F26DF69F00042DA0F /* Authentification */,
				FB7DEF5726DF5E9B0042DA0F /* MainTabController.swift */,
				FB7DEF5926DF5EBC0042DA0F /* HomeController.swift */,
				FB7DEF5B26DF5ED10042DA0F /* TipController.swift */,
				FB7DEF5D26DF5EDC0042DA0F /* SettingController.swift */,
				FB7DEF6A26DF8DFE0042DA0F /* AddHabitualController.swift */,
			);
			path = Controller;
			sourceTree = "<group>";
		};
		FB7DEF5226DF5DC90042DA0F /* Utils */ = {
			isa = PBXGroup;
			children = (
				FB7DEF6626DF6E410042DA0F /* Extensions.swift */,
				FB819ACC26ECA806002CFFB4 /* Constants.swift */,
				FB7DDCFA2705A47400D95AEA /* InputTextView.swift */,
			);
			path = Utils;
			sourceTree = "<group>";
		};
		FB7DEF5326DF5DDD0042DA0F /* API */ = {
			isa = PBXGroup;
			children = (
				FB7DEF7A26E633710042DA0F /* ImageUploader.swift */,
				FB7DEF7C26E6337A0042DA0F /* AuthService.swift */,
				FB819ACA26ECA7BE002CFFB4 /* UserService.swift */,
				FB7DDCFE2706F4D400D95AEA /* HabitualService.swift */,
			);
			path = API;
			sourceTree = "<group>";
		};
		FB7DEF5426DF5DE10042DA0F /* Model */ = {
			isa = PBXGroup;
			children = (
				FB819ACE26ECA856002CFFB4 /* User.swift */,
				FB7DDD00270ED57000D95AEA /* Habitual.swift */,
			);
			path = Model;
			sourceTree = "<group>";
		};
		FB7DEF5526DF5DEA0042DA0F /* View */ = {
			isa = PBXGroup;
			children = (
				FB819AB626E8A25B002CFFB4 /* Profile */,
				FB819AD026EDDF11002CFFB4 /* ProfileSetting */,
				FB819ABD26EB4AF9002CFFB4 /* Setting */,
				FB7DEF6426DF6BDE0042DA0F /* TableCell.swift */,
				FB7DEF6826DF7AC90042DA0F /* CustomTextField.swift */,
				FB7DEF6C26E217050042DA0F /* CustomButton.swift */,
				FB7779CF2703007600246111 /* HomeCell.swift */,
			);
			path = View;
			sourceTree = "<group>";
		};
		FB7DEF5626DF5DF40042DA0F /* ViewModel */ = {
			isa = PBXGroup;
			children = (
				FB7DEF7026E366C00042DA0F /* AuthentificationViewModel.swift */,
				FB819AD726EDF4F4002CFFB4 /* ProfileHeaderViewModel.swift */,
				FB819ADB26F5D587002CFFB4 /* SettingViewModel.swift */,
				FB7DDD06271025EB00D95AEA /* HabitualViewModel.swift */,
			);
			path = ViewModel;
			sourceTree = "<group>";
		};
		FB7DEF5F26DF69F00042DA0F /* Authentification */ = {
			isa = PBXGroup;
			children = (
				FB7DEF6026DF69FB0042DA0F /* LoginController.swift */,
				FB7DEF6226DF6A050042DA0F /* RegistrationController.swift */,
				FB7DEF7E26E78B320042DA0F /* ProfileController.swift */,
				FB819ABB26EB42A2002CFFB4 /* ProfileSettingController.swift */,
				FB82D19A273E6CF0004AA1BD /* ResetPassowrdController.swift */,
			);
			path = Authentification;
			sourceTree = "<group>";
		};
		FB819AB626E8A25B002CFFB4 /* Profile */ = {
			isa = PBXGroup;
			children = (
				FB819AB726E8A264002CFFB4 /* ProfileCell.swift */,
				FB819AB926E8A26D002CFFB4 /* ProfileHeader.swift */,
			);
			path = Profile;
			sourceTree = "<group>";
		};
		FB819ABD26EB4AF9002CFFB4 /* Setting */ = {
			isa = PBXGroup;
			children = (
				FB819ABE26EB4B08002CFFB4 /* SettingCell.swift */,
				FB819AC026EB4B0E002CFFB4 /* SettingHeader.swift */,
				FB819AC226EB4B13002CFFB4 /* SettingFooter.swift */,
			);
			path = Setting;
			sourceTree = "<group>";
		};
		FB819AD026EDDF11002CFFB4 /* ProfileSetting */ = {
			isa = PBXGroup;
			children = (
				FB819AD126EDDF2E002CFFB4 /* ProfileSettingCell.swift */,
				FB819AD326EDDF35002CFFB4 /* ProfileSettingHeader.swift */,
			);
			path = ProfileSetting;
			sourceTree = "<group>";
		};
/* End PBXGroup section */

/* Begin PBXNativeTarget section */
		FB7DEF3326DF5CD10042DA0F /* FormalHabitualMVVM */ = {
			isa = PBXNativeTarget;
			buildConfigurationList = FB7DEF4826DF5CD30042DA0F /* Build configuration list for PBXNativeTarget "FormalHabitualMVVM" */;
			buildPhases = (
				916FC384F58A7F0AC3EA0AC1 /* [CP] Check Pods Manifest.lock */,
				FB7DEF3026DF5CD10042DA0F /* Sources */,
				FB7DEF3126DF5CD10042DA0F /* Frameworks */,
				FB7DEF3226DF5CD10042DA0F /* Resources */,
				879E5B85F3431BA3552AB7F9 /* [CP] Embed Pods Frameworks */,
			);
			buildRules = (
			);
			dependencies = (
			);
			name = FormalHabitualMVVM;
			productName = FormalHabitualMVVM;
			productReference = FB7DEF3426DF5CD10042DA0F /* FormalHabitualMVVM.app */;
			productType = "com.apple.product-type.application";
		};
/* End PBXNativeTarget section */

/* Begin PBXProject section */
		FB7DEF2C26DF5CD10042DA0F /* Project object */ = {
			isa = PBXProject;
			attributes = {
				LastSwiftUpdateCheck = 1250;
				LastUpgradeCheck = 1250;
				TargetAttributes = {
					FB7DEF3326DF5CD10042DA0F = {
						CreatedOnToolsVersion = 12.5.1;
					};
				};
			};
			buildConfigurationList = FB7DEF2F26DF5CD10042DA0F /* Build configuration list for PBXProject "FormalHabitualMVVM" */;
			compatibilityVersion = "Xcode 9.3";
			developmentRegion = en;
			hasScannedForEncodings = 0;
			knownRegions = (
				en,
				Base,
			);
			mainGroup = FB7DEF2B26DF5CD10042DA0F;
			productRefGroup = FB7DEF3526DF5CD10042DA0F /* Products */;
			projectDirPath = "";
			projectRoot = "";
			targets = (
				FB7DEF3326DF5CD10042DA0F /* FormalHabitualMVVM */,
			);
		};
/* End PBXProject section */

/* Begin PBXResourcesBuildPhase section */
		FB7DEF3226DF5CD10042DA0F /* Resources */ = {
			isa = PBXResourcesBuildPhase;
			buildActionMask = 2147483647;
			files = (
				FB7DEF4426DF5CD30042DA0F /* LaunchScreen.storyboard in Resources */,
				FB7DEF7926E4CEF00042DA0F /* GoogleService-Info.plist in Resources */,
				FB7DEF4126DF5CD30042DA0F /* Assets.xcassets in Resources */,
				FB7DEF3F26DF5CD20042DA0F /* Main.storyboard in Resources */,
			);
			runOnlyForDeploymentPostprocessing = 0;
		};
/* End PBXResourcesBuildPhase section */

/* Begin PBXShellScriptBuildPhase section */
		879E5B85F3431BA3552AB7F9 /* [CP] Embed Pods Frameworks */ = {
			isa = PBXShellScriptBuildPhase;
			buildActionMask = 2147483647;
			files = (
			);
			inputFileListPaths = (
				"${PODS_ROOT}/Target Support Files/Pods-FormalHabitualMVVM/Pods-FormalHabitualMVVM-frameworks-${CONFIGURATION}-input-files.xcfilelist",
			);
			name = "[CP] Embed Pods Frameworks";
			outputFileListPaths = (
				"${PODS_ROOT}/Target Support Files/Pods-FormalHabitualMVVM/Pods-FormalHabitualMVVM-frameworks-${CONFIGURATION}-output-files.xcfilelist",
			);
			runOnlyForDeploymentPostprocessing = 0;
			shellPath = /bin/sh;
			shellScript = "\"${PODS_ROOT}/Target Support Files/Pods-FormalHabitualMVVM/Pods-FormalHabitualMVVM-frameworks.sh\"\n";
			showEnvVarsInLog = 0;
		};
		916FC384F58A7F0AC3EA0AC1 /* [CP] Check Pods Manifest.lock */ = {
			isa = PBXShellScriptBuildPhase;
			buildActionMask = 2147483647;
			files = (
			);
			inputFileListPaths = (
			);
			inputPaths = (
				"${PODS_PODFILE_DIR_PATH}/Podfile.lock",
				"${PODS_ROOT}/Manifest.lock",
			);
			name = "[CP] Check Pods Manifest.lock";
			outputFileListPaths = (
			);
			outputPaths = (
				"$(DERIVED_FILE_DIR)/Pods-FormalHabitualMVVM-checkManifestLockResult.txt",
			);
			runOnlyForDeploymentPostprocessing = 0;
			shellPath = /bin/sh;
			shellScript = "diff \"${PODS_PODFILE_DIR_PATH}/Podfile.lock\" \"${PODS_ROOT}/Manifest.lock\" > /dev/null\nif [ $? != 0 ] ; then\n    # print error to STDERR\n    echo \"error: The sandbox is not in sync with the Podfile.lock. Run 'pod install' or update your CocoaPods installation.\" >&2\n    exit 1\nfi\n# This output is used by Xcode 'outputs' to avoid re-running this script phase.\necho \"SUCCESS\" > \"${SCRIPT_OUTPUT_FILE_0}\"\n";
			showEnvVarsInLog = 0;
		};
/* End PBXShellScriptBuildPhase section */

/* Begin PBXSourcesBuildPhase section */
		FB7DEF3026DF5CD10042DA0F /* Sources */ = {
			isa = PBXSourcesBuildPhase;
			buildActionMask = 2147483647;
			files = (
				FB7DEF7F26E78B320042DA0F /* ProfileController.swift in Sources */,
				FB819ACB26ECA7BE002CFFB4 /* UserService.swift in Sources */,
				FB7DEF5C26DF5ED10042DA0F /* TipController.swift in Sources */,
				FB7DEF6326DF6A050042DA0F /* RegistrationController.swift in Sources */,
				FB819AC326EB4B13002CFFB4 /* SettingFooter.swift in Sources */,
				FB819AD826EDF4F4002CFFB4 /* ProfileHeaderViewModel.swift in Sources */,
				FB7DDCFF2706F4D400D95AEA /* HabitualService.swift in Sources */,
				FB7DDCFB2705A47400D95AEA /* InputTextView.swift in Sources */,
				FB819ACF26ECA856002CFFB4 /* User.swift in Sources */,
				FB7DEF3C26DF5CD20042DA0F /* ViewController.swift in Sources */,
				FB819ABF26EB4B08002CFFB4 /* SettingCell.swift in Sources */,
				FB819ADC26F5D587002CFFB4 /* SettingViewModel.swift in Sources */,
				FB819ACD26ECA806002CFFB4 /* Constants.swift in Sources */,
				FB7DEF3826DF5CD10042DA0F /* AppDelegate.swift in Sources */,
				FB7DDD01270ED57000D95AEA /* Habitual.swift in Sources */,
				FB7DEF6D26E217050042DA0F /* CustomButton.swift in Sources */,
				FB7DDD07271025EB00D95AEA /* HabitualViewModel.swift in Sources */,
				FB819AD426EDDF35002CFFB4 /* ProfileSettingHeader.swift in Sources */,
				FB7DEF5826DF5E9B0042DA0F /* MainTabController.swift in Sources */,
				FB819ABC26EB42A2002CFFB4 /* ProfileSettingController.swift in Sources */,
				FB7DEF6526DF6BDE0042DA0F /* TableCell.swift in Sources */,
				FB819ABA26E8A26D002CFFB4 /* ProfileHeader.swift in Sources */,
				FB7DEF6B26DF8DFE0042DA0F /* AddHabitualController.swift in Sources */,
				FB7DEF3A26DF5CD20042DA0F /* SceneDelegate.swift in Sources */,
				FB7DEF6126DF69FB0042DA0F /* LoginController.swift in Sources */,
				FB7DEF6926DF7AC90042DA0F /* CustomTextField.swift in Sources */,
				FB819AC126EB4B0E002CFFB4 /* SettingHeader.swift in Sources */,
				FB82D19B273E6CF0004AA1BD /* ResetPassowrdController.swift in Sources */,
				FB7DEF5A26DF5EBC0042DA0F /* HomeController.swift in Sources */,
				FB7779D02703007600246111 /* HomeCell.swift in Sources */,
				FB7DEF6726DF6E410042DA0F /* Extensions.swift in Sources */,
				FB819AD226EDDF2E002CFFB4 /* ProfileSettingCell.swift in Sources */,
				FB7DEF7B26E633710042DA0F /* ImageUploader.swift in Sources */,
				FB819AB826E8A264002CFFB4 /* ProfileCell.swift in Sources */,
				FB7DEF7D26E6337A0042DA0F /* AuthService.swift in Sources */,
				FB7DEF7126E366C00042DA0F /* AuthentificationViewModel.swift in Sources */,
				FB7DEF5E26DF5EDC0042DA0F /* SettingController.swift in Sources */,
			);
			runOnlyForDeploymentPostprocessing = 0;
		};
/* End PBXSourcesBuildPhase section */

/* Begin PBXVariantGroup section */
		FB7DEF3D26DF5CD20042DA0F /* Main.storyboard */ = {
			isa = PBXVariantGroup;
			children = (
				FB7DEF3E26DF5CD20042DA0F /* Base */,
			);
			name = Main.storyboard;
			sourceTree = "<group>";
		};
		FB7DEF4226DF5CD30042DA0F /* LaunchScreen.storyboard */ = {
			isa = PBXVariantGroup;
			children = (
				FB7DEF4326DF5CD30042DA0F /* Base */,
			);
			name = LaunchScreen.storyboard;
			sourceTree = "<group>";
		};
/* End PBXVariantGroup section */

/* Begin XCBuildConfiguration section */
		FB7DEF4626DF5CD30042DA0F /* Debug */ = {
			isa = XCBuildConfiguration;
			buildSettings = {
				ALWAYS_SEARCH_USER_PATHS = NO;
				CLANG_ANALYZER_NONNULL = YES;
				CLANG_ANALYZER_NUMBER_OBJECT_CONVERSION = YES_AGGRESSIVE;
				CLANG_CXX_LANGUAGE_STANDARD = "gnu++14";
				CLANG_CXX_LIBRARY = "libc++";
				CLANG_ENABLE_MODULES = YES;
				CLANG_ENABLE_OBJC_ARC = YES;
				CLANG_ENABLE_OBJC_WEAK = YES;
				CLANG_WARN_BLOCK_CAPTURE_AUTORELEASING = YES;
				CLANG_WARN_BOOL_CONVERSION = YES;
				CLANG_WARN_COMMA = YES;
				CLANG_WARN_CONSTANT_CONVERSION = YES;
				CLANG_WARN_DEPRECATED_OBJC_IMPLEMENTATIONS = YES;
				CLANG_WARN_DIRECT_OBJC_ISA_USAGE = YES_ERROR;
				CLANG_WARN_DOCUMENTATION_COMMENTS = YES;
				CLANG_WARN_EMPTY_BODY = YES;
				CLANG_WARN_ENUM_CONVERSION = YES;
				CLANG_WARN_INFINITE_RECURSION = YES;
				CLANG_WARN_INT_CONVERSION = YES;
				CLANG_WARN_NON_LITERAL_NULL_CONVERSION = YES;
				CLANG_WARN_OBJC_IMPLICIT_RETAIN_SELF = YES;
				CLANG_WARN_OBJC_LITERAL_CONVERSION = YES;
				CLANG_WARN_OBJC_ROOT_CLASS = YES_ERROR;
				CLANG_WARN_QUOTED_INCLUDE_IN_FRAMEWORK_HEADER = YES;
				CLANG_WARN_RANGE_LOOP_ANALYSIS = YES;
				CLANG_WARN_STRICT_PROTOTYPES = YES;
				CLANG_WARN_SUSPICIOUS_MOVE = YES;
				CLANG_WARN_UNGUARDED_AVAILABILITY = YES_AGGRESSIVE;
				CLANG_WARN_UNREACHABLE_CODE = YES;
				CLANG_WARN__DUPLICATE_METHOD_MATCH = YES;
				COPY_PHASE_STRIP = NO;
				DEBUG_INFORMATION_FORMAT = dwarf;
				ENABLE_STRICT_OBJC_MSGSEND = YES;
				ENABLE_TESTABILITY = YES;
				GCC_C_LANGUAGE_STANDARD = gnu11;
				GCC_DYNAMIC_NO_PIC = NO;
				GCC_NO_COMMON_BLOCKS = YES;
				GCC_OPTIMIZATION_LEVEL = 0;
				GCC_PREPROCESSOR_DEFINITIONS = (
					"DEBUG=1",
					"$(inherited)",
				);
				GCC_WARN_64_TO_32_BIT_CONVERSION = YES;
				GCC_WARN_ABOUT_RETURN_TYPE = YES_ERROR;
				GCC_WARN_UNDECLARED_SELECTOR = YES;
				GCC_WARN_UNINITIALIZED_AUTOS = YES_AGGRESSIVE;
				GCC_WARN_UNUSED_FUNCTION = YES;
				GCC_WARN_UNUSED_VARIABLE = YES;
				IPHONEOS_DEPLOYMENT_TARGET = 14.5;
				MTL_ENABLE_DEBUG_INFO = INCLUDE_SOURCE;
				MTL_FAST_MATH = YES;
				ONLY_ACTIVE_ARCH = YES;
				SDKROOT = iphoneos;
				SWIFT_ACTIVE_COMPILATION_CONDITIONS = DEBUG;
				SWIFT_OPTIMIZATION_LEVEL = "-Onone";
			};
			name = Debug;
		};
		FB7DEF4726DF5CD30042DA0F /* Release */ = {
			isa = XCBuildConfiguration;
			buildSettings = {
				ALWAYS_SEARCH_USER_PATHS = NO;
				CLANG_ANALYZER_NONNULL = YES;
				CLANG_ANALYZER_NUMBER_OBJECT_CONVERSION = YES_AGGRESSIVE;
				CLANG_CXX_LANGUAGE_STANDARD = "gnu++14";
				CLANG_CXX_LIBRARY = "libc++";
				CLANG_ENABLE_MODULES = YES;
				CLANG_ENABLE_OBJC_ARC = YES;
				CLANG_ENABLE_OBJC_WEAK = YES;
				CLANG_WARN_BLOCK_CAPTURE_AUTORELEASING = YES;
				CLANG_WARN_BOOL_CONVERSION = YES;
				CLANG_WARN_COMMA = YES;
				CLANG_WARN_CONSTANT_CONVERSION = YES;
				CLANG_WARN_DEPRECATED_OBJC_IMPLEMENTATIONS = YES;
				CLANG_WARN_DIRECT_OBJC_ISA_USAGE = YES_ERROR;
				CLANG_WARN_DOCUMENTATION_COMMENTS = YES;
				CLANG_WARN_EMPTY_BODY = YES;
				CLANG_WARN_ENUM_CONVERSION = YES;
				CLANG_WARN_INFINITE_RECURSION = YES;
				CLANG_WARN_INT_CONVERSION = YES;
				CLANG_WARN_NON_LITERAL_NULL_CONVERSION = YES;
				CLANG_WARN_OBJC_IMPLICIT_RETAIN_SELF = YES;
				CLANG_WARN_OBJC_LITERAL_CONVERSION = YES;
				CLANG_WARN_OBJC_ROOT_CLASS = YES_ERROR;
				CLANG_WARN_QUOTED_INCLUDE_IN_FRAMEWORK_HEADER = YES;
				CLANG_WARN_RANGE_LOOP_ANALYSIS = YES;
				CLANG_WARN_STRICT_PROTOTYPES = YES;
				CLANG_WARN_SUSPICIOUS_MOVE = YES;
				CLANG_WARN_UNGUARDED_AVAILABILITY = YES_AGGRESSIVE;
				CLANG_WARN_UNREACHABLE_CODE = YES;
				CLANG_WARN__DUPLICATE_METHOD_MATCH = YES;
				COPY_PHASE_STRIP = NO;
				DEBUG_INFORMATION_FORMAT = "dwarf-with-dsym";
				ENABLE_NS_ASSERTIONS = NO;
				ENABLE_STRICT_OBJC_MSGSEND = YES;
				GCC_C_LANGUAGE_STANDARD = gnu11;
				GCC_NO_COMMON_BLOCKS = YES;
				GCC_WARN_64_TO_32_BIT_CONVERSION = YES;
				GCC_WARN_ABOUT_RETURN_TYPE = YES_ERROR;
				GCC_WARN_UNDECLARED_SELECTOR = YES;
				GCC_WARN_UNINITIALIZED_AUTOS = YES_AGGRESSIVE;
				GCC_WARN_UNUSED_FUNCTION = YES;
				GCC_WARN_UNUSED_VARIABLE = YES;
				IPHONEOS_DEPLOYMENT_TARGET = 14.5;
				MTL_ENABLE_DEBUG_INFO = NO;
				MTL_FAST_MATH = YES;
				SDKROOT = iphoneos;
				SWIFT_COMPILATION_MODE = wholemodule;
				SWIFT_OPTIMIZATION_LEVEL = "-O";
				VALIDATE_PRODUCT = YES;
			};
			name = Release;
		};
		FB7DEF4926DF5CD30042DA0F /* Debug */ = {
			isa = XCBuildConfiguration;
			baseConfigurationReference = DAB4C1BB60A923946254BACC /* Pods-FormalHabitualMVVM.debug.xcconfig */;
			buildSettings = {
				ASSETCATALOG_COMPILER_APPICON_NAME = AppIcon;
				ASSETCATALOG_COMPILER_GLOBAL_ACCENT_COLOR_NAME = AccentColor;
				CODE_SIGN_STYLE = Automatic;
				DEVELOPMENT_TEAM = LFRY7BQTRY;
				INFOPLIST_FILE = FormalHabitualMVVM/Info.plist;
				LD_RUNPATH_SEARCH_PATHS = (
					"$(inherited)",
					"@executable_path/Frameworks",
				);
				PRODUCT_BUNDLE_IDENTIFIER = com.list.FormalHabitualMVVM;
				PRODUCT_NAME = "$(TARGET_NAME)";
				SWIFT_VERSION = 5.0;
				TARGETED_DEVICE_FAMILY = "1,2";
			};
			name = Debug;
		};
		FB7DEF4A26DF5CD30042DA0F /* Release */ = {
			isa = XCBuildConfiguration;
			baseConfigurationReference = 3EBB5D550D4AE3461EDDCF43 /* Pods-FormalHabitualMVVM.release.xcconfig */;
			buildSettings = {
				ASSETCATALOG_COMPILER_APPICON_NAME = AppIcon;
				ASSETCATALOG_COMPILER_GLOBAL_ACCENT_COLOR_NAME = AccentColor;
				CODE_SIGN_STYLE = Automatic;
				DEVELOPMENT_TEAM = LFRY7BQTRY;
				INFOPLIST_FILE = FormalHabitualMVVM/Info.plist;
				LD_RUNPATH_SEARCH_PATHS = (
					"$(inherited)",
					"@executable_path/Frameworks",
				);
				PRODUCT_BUNDLE_IDENTIFIER = com.list.FormalHabitualMVVM;
				PRODUCT_NAME = "$(TARGET_NAME)";
				SWIFT_VERSION = 5.0;
				TARGETED_DEVICE_FAMILY = "1,2";
			};
			name = Release;
		};
/* End XCBuildConfiguration section */

/* Begin XCConfigurationList section */
		FB7DEF2F26DF5CD10042DA0F /* Build configuration list for PBXProject "FormalHabitualMVVM" */ = {
			isa = XCConfigurationList;
			buildConfigurations = (
				FB7DEF4626DF5CD30042DA0F /* Debug */,
				FB7DEF4726DF5CD30042DA0F /* Release */,
			);
			defaultConfigurationIsVisible = 0;
			defaultConfigurationName = Release;
		};
		FB7DEF4826DF5CD30042DA0F /* Build configuration list for PBXNativeTarget "FormalHabitualMVVM" */ = {
			isa = XCConfigurationList;
			buildConfigurations = (
				FB7DEF4926DF5CD30042DA0F /* Debug */,
				FB7DEF4A26DF5CD30042DA0F /* Release */,
			);
			defaultConfigurationIsVisible = 0;
			defaultConfigurationName = Release;
		};
/* End XCConfigurationList section */
	};
	rootObject = FB7DEF2C26DF5CD10042DA0F /* Project object */;
}
